{
  "name": "uniswap-v2-loader",
  "version": "5.0.26",
  "lockfileVersion": 3,
  "requires": true,
  "packages": {
    "": {
      "name": "uniswap-v2-loader",
      "version": "5.0.26",
      "license": "MIT",
      "bin": {
        "uniswap-v2-loader": "src/uniswap-v2-loader"
      }
    }
  }
}
